# THIS IS AN AUTOGENERATED FILE. DO NOT EDIT THIS FILE DIRECTLY.
# yarn lockfile v1


"@babel/runtime@^7.29.7":
  version "7.29.7"
  resolved "https://registry.yarnpkg.com/@babel/runtime/-/runtime-7.29.7.tgz#12022450c45a4da6d8d8287b18a4ff2ddb23f768"
  integrity sha512-Nq8OhGWiZIZGV6hLHoyAKLLcJihP/xFeBMGJoUrxTX2psI8dCifzLhZISFb+VWS3wFMRDmCGw5R+dOySCqPLhw==

"@babel/runtime@^7.5.5", "@babel/runtime@^7.8.7":
  version "7.12.5"
  resolved "https://registry.yarnpkg.com/@babel/runtime/-/runtime-7.12.5.tgz#410e7e487441e1b360c29be715d870d9b985882e"
  integrity sha512-plcc+hbExy3McchJCEQG3knOsuh3HH+Prx1P6cLIkET/0dLuQDEnrT+s27Axgc9bqfsmNUNHfscgMUdBpC9xfg==
  dependencies:
    regenerator-runtime "^0.13.4"

"@emnapi/runtime@^1.11.3":
  version "1.11.3"
  resolved "https://registry.yarnpkg.com/@emnapi/runtime/-/runtime-1.11.3.tgz#84257ae3b0531eb2aec1ffa23d70700da007ba95"
  integrity sha512-Xz4Tpyki7XyrpbUK1jR1AhdAdaXyhhY4lZ3neLodmhpuWfy2PAQN5B46sAiU4liOXGLkHypn/qU+jvfWSCYYLA==
  dependencies:
    tslib "^2.4.0"

"@emotion/cache@^11.14.0":
  version "11.14.0"
  resolved "https://registry.yarnpkg.com/@emotion/cache/-/cache-11.14.0.tgz#ee44b26986eeb93c8be82bb92f1f7a9b21b2ed76"
  integrity sha512-L/B1lc/TViYk4DcpGxtAVbx0ZyiKM5ktoIyafGkH6zg/tj+mA+NE//aPYKG0k8kCHSHVJrpLpcAlOBEXQ3SavA==
  dependencies:
    "@emotion/memoize" "^0.9.0"
    "@emotion/sheet" "^1.4.0"
    "@emotion/utils" "^1.4.2"
    "@emotion/weak-memoize" "^0.4.0"
    stylis "4.2.0"

"@emotion/hash@^0.9.2":
  version "0.9.2"
  resolved "https://registry.yarnpkg.com/@emotion/hash/-/hash-0.9.2.tgz#ff9221b9f58b4dfe61e619a7788734bd63f6898b"
  integrity sha512-MyqliTZGuOm3+5ZRSaaBGP3USLw6+EGykkwZns2EPC5g8jJ4z9OrdZY9apkl3+UP9+sdz76YYkwCKP5gh8iY3g==

"@emotion/memoize@^0.9.0":
  version "0.9.0"
  resolved "https://registry.yarnpkg.com/@emotion/memoize/-/memoize-0.9.0.tgz#745969d649977776b43fc7648c556aaa462b4102"
  integrity sha512-30FAj7/EoJ5mwVPOWhAyCX+FPfMDrVecJAM+Iw9NRoSl4BBAQeqj4cApHHUXOVvIPgLVDsCFoz/hGD+5QQD1GQ==

"@emotion/serialize@^1.3.3":
  version "1.3.3"
  resolved "https://registry.yarnpkg.com/@emotion/serialize/-/serialize-1.3.3.tgz#d291531005f17d704d0463a032fe679f376509e8"
  integrity sha512-EISGqt7sSNWHGI76hC7x1CksiXPahbxEOrC5RjmFRJTqLyEK9/9hZvBbiYn70dw4wuwMKiEMCUlR6ZXTSWQqxA==
  dependencies:
    "@emotion/hash" "^0.9.2"
    "@emotion/memoize" "^0.9.0"
    "@emotion/unitless" "^0.10.0"
    "@emotion/utils" "^1.4.2"
    csstype "^3.0.2"

"@emotion/sheet@^1.4.0":
  version "1.4.0"
  resolved "https://registry.yarnpkg.com/@emotion/sheet/-/sheet-1.4.0.tgz#c9299c34d248bc26e82563735f78953d2efca83c"
  integrity sha512-fTBW9/8r2w3dXWYM4HCB1Rdp8NLibOw2+XELH5m5+AkWiL/KqYX6dc0kKYlaYyKjrQ6ds33MCdMPEwgs2z1rqg==

"@emotion/unitless@^0.10.0":
  version "0.10.0"
  resolved "https://registry.yarnpkg.com/@emotion/unitless/-/unitless-0.10.0.tgz#2af2f7c7e5150f497bdabd848ce7b218a27cf745"
  integrity sha512-dFoMUuQA20zvtVTuxZww6OHoJYgrzfKM1t52mVySDJnMSEa08ruEvdYQbhvyu6soU+NeLVd3yKfTfT0NeV6qGg==

"@emotion/utils@^1.4.2":
  version "1.4.2"
  resolved "https://registry.yarnpkg.com/@emotion/utils/-/utils-1.4.2.tgz#6df6c45881fcb1c412d6688a311a98b7f59c1b52"
  integrity sha512-3vLclRofFziIa3J2wDh9jjbkUz9qk5Vi3IZ/FSTKViB0k+ef0fPV7dYrUIugbgupYDx7v9ud/SjrtEP8Y4xLoA==

"@emotion/weak-memoize@^0.4.0":
  version "0.4.0"
  resolved "https://registry.yarnpkg.com/@emotion/weak-memoize/-/weak-memoize-0.4.0.tgz#5e13fac887f08c44f76b0ccaf3370eb00fec9bb6"
  integrity sha512-snKqtPW01tN0ui7yu9rGv69aJXr/a/Ywvl11sUjNtEcRc+ng/mQriFL0wLXMef74iHa/EkftbDzU9F8iFbH+zg==

"@img/colour@^1.1.0":
  version "1.1.0"
  resolved "https://registry.yarnpkg.com/@img/colour/-/colour-1.1.0.tgz#b0c2c2fa661adf75effd6b4964497cd80010bb9d"
  integrity sha512-Td76q7j57o/tLVdgS746cYARfSyxk8iEfRxewL9h4OMzYhbW4TAcppl0mT4eyqXddh6L/jwoM75mo7ixa/pCeQ==

"@img/sharp-darwin-arm64@0.35.4":
  version "0.35.4"
  resolved "https://registry.yarnpkg.com/@img/sharp-darwin-arm64/-/sharp-darwin-arm64-0.35.4.tgz#bc10b262de2fc80088013f5f998298d1c8909fbf"
  integrity sha512-Uhfl4V4lhP2nbUVF9+hyH1+luj86f1gUFeo8ALYxFoULoU+G87D43BfeMP8XHsk9boxAnCY/bf2EHwhA7MuGsA==
  optionalDependencies:
    "@img/sharp-libvips-darwin-arm64" "1.3.3"

"@img/sharp-darwin-x64@0.35.4":
  version "0.35.4"
  resolved "https://registry.yarnpkg.com/@img/sharp-darwin-x64/-/sharp-darwin-x64-0.35.4.tgz#76c49ff04fb3f9d846b0d0575841b7ee59beec68"
  integrity sha512-hWniXY3bG5qKpkKrAwPe4y+VTPmf086YQAnkxWh7uA1YrlRouWGa0M0Mxj3ZjnXFkv7/TD1bTy9lGUK26vRvWw==
  optionalDependencies:
    "@img/sharp-libvips-darwin-x64" "1.3.3"

"@img/sharp-freebsd-wasm32@0.35.4":
  version "0.35.4"
  resolved "https://registry.yarnpkg.com/@img/sharp-freebsd-wasm32/-/sharp-freebsd-wasm32-0.35.4.tgz#ba55fd603c5d1d01a1cb14ffb4d970bc6ced80e1"
  integrity sha512-lIsKw/BU+kjB4eZjxrYrZmwOJYi3Ajrv66iAlBmUPyKc3HpnloevB1g3wxGD9P/5BbQ1brBGl65VRRrCvQDEqA==
  dependencies:
    "@img/sharp-wasm32" "0.35.4"

"@img/sharp-libvips-darwin-arm64@1.3.3":
  version "1.3.3"
  resolved "https://registry.yarnpkg.com/@img/sharp-libvips-darwin-arm64/-/sharp-libvips-darwin-arm64-1.3.3.tgz#08a6cf4fb4ee8d45f99404a569dcaa6b29391d97"
  integrity sha512-suTBPTDGrI9WodccaDdwZItTSaBYASlBk1NSfElSHrUfzu3szG6lvIF58+WiFvnfzuK8ZBFS5zE00PxqxnRiPg==

"@img/sharp-libvips-darwin-x64@1.3.3":
  version "1.3.3"
  resolved "https://registry.yarnpkg.com/@img/sharp-libvips-darwin-x64/-/sharp-libvips-darwin-x64-1.3.3.tgz#1461e6fb310a869b3c13504589b8dd5c06624da8"
  integrity sha512-FVJZ5mITMobmXIz/hPDTw0EintTW5H3WfrxwLqEqjiIihlu+hVRyGrFQ60xl0Lxn7Bt3zdpevPaQi0HEzqz9fw==

"@img/sharp-libvips-linux-arm64@1.3.3":
  version "1.3.3"
  resolved "https://registry.yarnpkg.com/@img/sharp-libvips-linux-arm64/-/sharp-libvips-linux-arm64-1.3.3.tgz#cb938a3971b9a36329bc99427f1e5b72e266ba2e"
  integrity sha512-0DaL0A6Xu6sQSQFwe4iVCrKWU2cCTItnRsYsCdxAMm9NF6twAA9BKnoqy4hqz4+azQ0JHuA26qiUKsf1XJ/v5A==

"@img/sharp-libvips-linux-arm@1.3.3":
  version "1.3.3"
  resolved "https://registry.yarnpkg.com/@img/sharp-libvips-linux-arm/-/sharp-libvips-linux-arm-1.3.3.tgz#71032941b9fcbf8ebc3c1b62949927b844cbad62"
  integrity sha512-3rbU4vqXXc3hY/OiXdl52xZvT0F1yEngWfvqudtPJg/KkyiaQw2DRsFrNzpmLvfavbwOq3qXn36GP8obHRULQA==

"@img/sharp-libvips-linux-ppc64@1.3.3":
  version "1.3.3"
  resolved "https://registry.yarnpkg.com/@img/sharp-libvips-linux-ppc64/-/sharp-libvips-linux-ppc64-1.3.3.tgz#8246d2dec15234fd1cc54cc55dcba1aebc26c414"
  integrity sha512-cdn1OvUBwsXhbC0zSzJnNzf5MZ/mTrobawDvNXBTxe8VtqKAm0sRuEY2Evzovb/w9JMk4TvRxqt1mekSuJz64w==

"@img/sharp-libvips-linux-riscv64@1.3.3":
  version "1.3.3"
  resolved "https://registry.yarnpkg.com/@img/sharp-libvips-linux-riscv64/-/sharp-libvips-linux-riscv64-1.3.3.tgz#59ff663c2aa6b418857357cd77ca4ccaece95876"
  integrity sha512-HjPVx7yKz+0lqdhDlTw1tt90wamBoxhiXpvl1XZpJLiHH4RCJ5yDTqH+VlYPv2fwFs89JFw4c1IexYOcQUi4IQ==

"@img/sharp-libvips-linux-s390x@1.3.3":
  version "1.3.3"
  resolved "https://registry.yarnpkg.com/@img/sharp-libvips-linux-s390x/-/sharp-libvips-linux-s390x-1.3.3.tgz#bc17451f80d9f31663b3e906149f159a0ecb1ca8"
  integrity sha512-neWLh+3yCNThxnfy3c4BbVBeGgt9aftno+XbT56iK28RgeDs3UOFWviLWlUu0bArYVYJaFDK+RRohbicUNCm8Q==

"@img/sharp-libvips-linux-x64@1.3.3":
  version "1.3.3"
  resolved "https://registry.yarnpkg.com/@img/sharp-libvips-linux-x64/-/sharp-libvips-linux-x64-1.3.3.tgz#c7d1f83bc1cfe222cd9dc927f3c5137aa9791e76"
  integrity sha512-4vKmvAst9nrowcqquKFAyZJUDolUaIp8uRiN0mWFguJ1IplC9/pitXtlnnlU4aa/eJw3J7i67V+pwUL+wZGdsA==

"@img/sharp-libvips-linuxmusl-arm64@1.3.3":
  version "1.3.3"
  resolved "https://registry.yarnpkg.com/@img/sharp-libvips-linuxmusl-arm64/-/sharp-libvips-linuxmusl-arm64-1.3.3.tgz#303dfe2a8e6d1fd279ead559f4d2ccff2545e2a2"
  integrity sha512-Y9kQaLMuNoB0bPYOOdcZMaseNrFpPodIWWMrx+CZyydf2xn68j9WYc6sWWRrDwNkzCQjKYfc68L7jKjGlHMibw==

"@img/sharp-libvips-linuxmusl-x64@1.3.3":
  version "1.3.3"
  resolved "https://registry.yarnpkg.com/@img/sharp-libvips-linuxmusl-x64/-/sharp-libvips-linuxmusl-x64-1.3.3.tgz#3750f70ad46ad87e4a08ee8d372ab9a7e17e2b6c"
  integrity sha512-fj8Mv0HHfD1Rr+4I68+3agJynxDWtBFgicTbSOb9Bke6pIwzGcJ+RX/yHjmiEGFMCavY/dxvem7MyNaJF+wDiw==

"@img/sharp-linux-arm64@0.35.4":
  version "0.35.4"
  resolved "https://registry.yarnpkg.com/@img/sharp-linux-arm64/-/sharp-linux-arm64-0.35.4.tgz#c2f53bf913fa1b46762b192c527a2b3647a211a8"
  integrity sha512-De4jpEnAU8Hd5oT0j1G3uL4ZvTuipVMn7YC6vPaJhy6/7EwEae0SVAoBrUMYQbkLGDm85taVWwuPc1a44LTzCQ==
  optionalDependencies:
    "@img/sharp-libvips-linux-arm64" "1.3.3"

"@img/sharp-linux-arm@0.35.4":
  version "0.35.4"
  resolved "https://registry.yarnpkg.com/@img/sharp-linux-arm/-/sharp-linux-arm-0.35.4.tgz#de8da0da2ee552267cae771597332a863378e43b"
  integrity sha512-7OAS8gI0EReKGVN2HssHlM6umJgxF5VI3xN0p9FA91p/YO+ou5hiNghLdZ5BEHztwaaK5+bLKRf8x/o2L2nk9A==
  optionalDependencies:
    "@img/sharp-libvips-linux-arm" "1.3.3"

"@img/sharp-linux-ppc64@0.35.4":
  version "0.35.4"
  resolved "https://registry.yarnpkg.com/@img/sharp-linux-ppc64/-/sharp-linux-ppc64-0.35.4.tgz#c40d7c5f8ce216c35224c58edcef8e6445935256"
  integrity sha512-2oYZJeIl4kCcMGk4ouZVjnkCtFrpQFlNEtJ6GbxzhHQchwH0NH/qEb9ykmOl29dqwMq+JhFdZn+1ak2FKhI9fQ==
  optionalDependencies:
    "@img/sharp-libvips-linux-ppc64" "1.3.3"

"@img/sharp-linux-riscv64@0.35.4":
  version "0.35.4"
  resolved "https://registry.yarnpkg.com/@img/sharp-linux-riscv64/-/sharp-linux-riscv64-0.35.4.tgz#032ca206e713b1179efe0e18d525188c67277730"
  integrity sha512-cPbNChoRURAWdebDIHSenxRpgEdy7JkPydSnUxRm9VvKD7m0/xVaR/8Fzlu81pk5nHEvHH87UZUA7cTtwnbJSA==
  optionalDependencies:
    "@img/sharp-libvips-linux-riscv64" "1.3.3"

"@img/sharp-linux-s390x@0.35.4":
  version "0.35.4"
  resolved "https://registry.yarnpkg.com/@img/sharp-linux-s390x/-/sharp-linux-s390x-0.35.4.tgz#19dac7501a15c8748bc7a11219fca391e424b6d7"
  integrity sha512-RY0JFY8Fd6RonCBtHz+DvadaPkXDSI1AUn6yWL9TipqkZ1vY8w8evqdgyDFnkm4/K1ve1TvZiaePP5oSd4+WVQ==
  optionalDependencies:
    "@img/sharp-libvips-linux-s390x" "1.3.3"

"@img/sharp-linux-x64@0.35.4":
  version "0.35.4"
  resolved "https://registry.yarnpkg.com/@img/sharp-linux-x64/-/sharp-linux-x64-0.35.4.tgz#7d1d414d4a538e0704ba6b76ce6547e60f6211ce"
  integrity sha512-9qvvEAuk8k89TfWUoX2htWjbAMX8p+NxCppjpcg5k6xMsjhBQPTsoIh36h9Qde4WRuGpJeYnOjdosDn/cnv+OA==
  optionalDependencies:
    "@img/sharp-libvips-linux-x64" "1.3.3"

"@img/sharp-linuxmusl-arm64@0.35.4":
  version "0.35.4"
  resolved "https://registry.yarnpkg.com/@img/sharp-linuxmusl-arm64/-/sharp-linuxmusl-arm64-0.35.4.tgz#9534c93807822f4282d079a322facc6db53d50f6"
  integrity sha512-KB5jxpfWQTr0nc3xdHtWChdbifHrBGsd2SM62Eyxrl8afikm+f5qGBU75SJIZBT/S1MC8XyacdlXBMSWq6OURA==
  optionalDependencies:
    "@img/sharp-libvips-linuxmusl-arm64" "1.3.3"

"@img/sharp-linuxmusl-x64@0.35.4":
  version "0.35.4"
  resolved "https://registry.yarnpkg.com/@img/sharp-linuxmusl-x64/-/sharp-linuxmusl-x64-0.35.4.tgz#f488e7a0291991bff643cef82b5afd3cfd70fcf2"
  integrity sha512-f+eZJZIQNEEd26RPSW+76chwOf1XtA2Y/O+5ocVyLliHkeih3e+jhLVBdNTd2rS3IbNXK8+ug93Vf5ZXtF5Lxg==
  optionalDependencies:
    "@img/sharp-libvips-linuxmusl-x64" "1.3.3"

"@img/sharp-wasm32@0.35.4":
  version "0.35.4"
  resolved "https://registry.yarnpkg.com/@img/sharp-wasm32/-/sharp-wasm32-0.35.4.tgz#81f71f3fc0d8447dc3af6cb378e24e758ff54225"
  integrity sha512-zQnl4Kwp7Q6NHsENtU2T/00Zi+w3AQNwz3+UaTyVBy2FpXrzXzGjndpK61onhZjRtRpQXxCTeqw19bVyXOh7jA==
  dependencies:
    "@emnapi/runtime" "^1.11.3"

"@img/sharp-webcontainers-wasm32@0.35.4":
  version "0.35.4"
  resolved "https://registry.yarnpkg.com/@img/sharp-webcontainers-wasm32/-/sharp-webcontainers-wasm32-0.35.4.tgz#77d2e8892d3a3825f0dc95ab02ceb613cb213286"
  integrity sha512-ESfNkywmCfPNyaZjxooddJQiQ+l/nTpGEOGthxiLnIHXC/CmcBixnfwUleX9mCz9ovrUUvKMap/pm8RYbzfwaA==
  dependencies:
    "@img/sharp-wasm32" "0.35.4"

"@img/sharp-win32-arm64@0.35.4":
  version "0.35.4"
  resolved "https://registry.yarnpkg.com/@img/sharp-win32-arm64/-/sharp-win32-arm64-0.35.4.tgz#4101b44e3fb97d6f1a73c2a9c6142d491d1aa831"
  integrity sha512-iNdlBX9gLVvqe2I3uIJSIKTq6wckP/DYxZtcqxm09x5Gi24DnFBmPAWZmr60ZyYMG0xlzo6goG3670ar+RXvRw==

"@img/sharp-win32-ia32@0.35.4":
  version "0.35.4"
  resolved "https://registry.yarnpkg.com/@img/sharp-win32-ia32/-/sharp-win32-ia32-0.35.4.tgz#8d4755bd26d5ff34fb89c7907bd89c080a5dc9f5"
  integrity sha512-kqRsbaa5CS6KHlpxnN7WhE6vAAugXyZButpRdvDWetlv6Qv4N9WTcrWzF7tXfB9T7MsoadqdI8hmwLq6UlLvtw==

"@img/sharp-win32-x64@0.35.4":
  version "0.35.4"
  resolved "https://registry.yarnpkg.com/@img/sharp-win32-x64/-/sharp-win32-x64-0.35.4.tgz#0b67bd0b1f01123a982afcc6ba0dc00b877b8a0a"
  integrity sha512-XtmnYhBcrORsJ4XJngyzr/EWP0hRZLAZRFaApdKuviyqF78+ylxh2y06ZmtULAMOnObJ3ucpN0AcwSWnMowTRg==

"@mui/core-downloads-tracker@^9.4.0":
  version "9.4.0"
  resolved "https://registry.yarnpkg.com/@mui/core-downloads-tracker/-/core-downloads-tracker-9.4.0.tgz#9322a7ffbc2bba9303b7f1be6e794a73b99679f6"
  integrity sha512-d+gIYM1raJP87yrVQcVg+Q3vycVMArMkgu/TjJLi2vTvO9FHKWNRR1xs9nnN4eLpM9nGxxm02UMvc9BrmcUKvQ==

"@mui/icons-material@9.4.0":
  version "9.4.0"
  resolved "https://registry.yarnpkg.com/@mui/icons-material/-/icons-material-9.4.0.tgz#4bdbce7bd51398053b6b86b665187648b8d8aff6"
  integrity sha512-5PVgBYtLOXTk6u0YUAjoV9GoTUQDbeZ8g+pus2h0GphLT/rpmftRnB5D/Kw6QCAovB7EyBX7UxKdZqPBBAHUKw==
  dependencies:
    "@babel/runtime" "^7.29.7"

"@mui/material@9.4.0":
  version "9.4.0"
  resolved "https://registry.yarnpkg.com/@mui/material/-/material-9.4.0.tgz#f8f70c029fedeac8b2c68861396d741c5aa78153"
  integrity sha512-6KKUIvkQ2r/s48s9VZV9JEZ1W2dRa7RndVsF+Ipx4CYxDOQeozeRsS5r9NiheFf8A5hpbqJJIGoX7hjg5X4XUw==
  dependencies:
    "@babel/runtime" "^7.29.7"
    "@mui/core-downloads-tracker" "^9.4.0"
    "@mui/system" "^9.4.0"
    "@mui/types" "^9.4.0"
    "@mui/utils" "^9.4.0"
    "@popperjs/core" "^2.11.8"
    "@types/react-transition-group" "^4.4.12"
    clsx "^2.1.1"
    csstype "^3.2.3"
    prop-types "^15.8.1"
    react-is "^19.2.8"
    react-transition-group "^4.4.5"

"@mui/private-theming@^9.4.0":
  version "9.4.0"
  resolved "https://registry.yarnpkg.com/@mui/private-theming/-/private-theming-9.4.0.tgz#3b1df04e8db49c934f0eb443a2f7ed0eed22e2f3"
  integrity sha512-qQpX/2XPGDz5F2OIWzo4kkorURlDeXGKytRQudXCdLS5TuwKsMKaZyx77LZEVSB73c7o3UrLWwQ/goRuHBdtjw==
  dependencies:
    "@babel/runtime" "^7.29.7"
    "@mui/utils" "^9.4.0"
    prop-types "^15.8.1"

"@mui/styled-engine@^9.4.0":
  version "9.4.0"
  resolved "https://registry.yarnpkg.com/@mui/styled-engine/-/styled-engine-9.4.0.tgz#8ef09e20d2c725688e2c8adb8d1c99e9f80fb95d"
  integrity sha512-SlqVEYqnyEgXMFW4JuIDMelyhKzoWBJ85v2mNCQd0XtU0uk7U9E1zaJZ06XqodhA8oJrb+4Q+3E/JlwBe4jWkw==
  dependencies:
    "@babel/runtime" "^7.29.7"
    "@emotion/cache" "^11.14.0"
    "@emotion/serialize" "^1.3.3"
    "@emotion/sheet" "^1.4.0"
    csstype "^3.2.3"
    prop-types "^15.8.1"

"@mui/system@^9.4.0":
  version "9.4.0"
  resolved "https://registry.yarnpkg.com/@mui/system/-/system-9.4.0.tgz#11200f0707c753b7cccc02ab4109223c0bf43c80"
  integrity sha512-AZz9z13oGS1J0BYeAFHTbV7PegCtPiE/uMEIi7TJ1kTx3Vkt+jUpLyXF/2uV8B6Y79iTh98kVeOH9fX3x3zXXg==
  dependencies:
    "@babel/runtime" "^7.29.7"
    "@mui/private-theming" "^9.4.0"
    "@mui/styled-engine" "^9.4.0"
    "@mui/types" "^9.4.0"
    "@mui/utils" "^9.4.0"
    clsx "^2.1.1"
    csstype "^3.2.3"
    prop-types "^15.8.1"

"@mui/types@^9.4.0":
  version "9.4.0"
  resolved "https://registry.yarnpkg.com/@mui/types/-/types-9.4.0.tgz#76334f61810aba0f80a9e3696c5fe22788afb286"
  integrity sha512-13DH0Oniua4WmGqeYbQAZqmiN7r4nfd0zwIoGJ5QeJwyIHgEmf+LkRw/jV1HZb6AiUoHX8Oxf4xgalq3vYHcIw==
  dependencies:
    "@babel/runtime" "^7.29.7"

"@mui/utils@^9.4.0":
  version "9.4.0"
  resolved "https://registry.yarnpkg.com/@mui/utils/-/utils-9.4.0.tgz#3e4946c1bf0d8f735e71d4d90d4fb9d1afa48cec"
  integrity sha512-WkzY8uYtqUDyGKPShrRQRBomfMQHddlsyKu/gRRESYO24tDPD2z0xRE8CBoUsWqpBa+YrFs9KixiS7kQRjsPAQ==
  dependencies:
    "@babel/runtime" "^7.29.7"
    "@mui/types" "^9.4.0"
    "@types/prop-types" "^15.7.15"
    clsx "^2.1.1"
    prop-types "^15.8.1"
    react-is "^19.2.8"

"@next/env@16.3.4":
  version "16.3.4"
  resolved "https://registry.yarnpkg.com/@next/env/-/env-16.3.4.tgz#ff6ef5e91bd8820b1cf4a670f9c5a9b86a3cf47b"
  integrity sha512-cjWZnUUa6jZq2kFaNe/ZyJdZonOZ/QoN0Zka2nz/FLOrfx14pQuM9c5RaSVkWMqgdt4ksgPAMWPyHSs/CyV48Q==

"@next/swc-darwin-arm64@16.3.4":
  version "16.3.4"
  resolved "https://registry.yarnpkg.com/@next/swc-darwin-arm64/-/swc-darwin-arm64-16.3.4.tgz#3fa8eed224c735748955a6ca6ee8a75184be3b73"
  integrity sha512-iBr3I5LZNk5/bgl5//iTgD2tcym14MX0Xo7fD//u9dYAEgGzza1y9oywluPtf74YnOswVdH1908aK9xVz7zQTw==

"@next/swc-darwin-x64@16.3.4":
  version "16.3.4"
  resolved "https://registry.yarnpkg.com/@next/swc-darwin-x64/-/swc-darwin-x64-16.3.4.tgz#e3e429ecc7778b3400bd0c3adab60b7013580b19"
  integrity sha512-2dpiSyl2Jw/NrBPaU2MAKGSa+2MR82pJIn4Sm5Rjr+gxAeuh0z158Su3Z2O8zn7UNNq+ej4bToed6RcRN/Lydg==

"@next/swc-linux-arm64-gnu@16.3.4":
  version "16.3.4"
  resolved "https://registry.yarnpkg.com/@next/swc-linux-arm64-gnu/-/swc-linux-arm64-gnu-16.3.4.tgz#6aff57ebe5c21ae35ecd06e57563aa9287ce1971"
  integrity sha512-+t+U8HZT+fApePCS5h89CSH3datz29MkzyfCn+6fpsZBG/oiEOhINcb9rtkv6sdpToLGFn2e6146NzaKCXkqrA==

"@next/swc-linux-arm64-musl@16.3.4":
  version "16.3.4"
  resolved "https://registry.yarnpkg.com/@next/swc-linux-arm64-musl/-/swc-linux-arm64-musl-16.3.4.tgz#a87f36aaae2bc3e07f21e7c64e6cb489cceef9b4"
  integrity sha512-mx03GNs1ocQA5JQ4FxDMmIsNkdrZh8cuezKCrId28e5/gIPU/l7Kcy2+vmCCzdjnnmXJy+iOAu+7K0QppO6Urg==

"@next/swc-linux-x64-gnu@16.3.4":
  version "16.3.4"
  resolved "https://registry.yarnpkg.com/@next/swc-linux-x64-gnu/-/swc-linux-x64-gnu-16.3.4.tgz#26aabf39d90da08ffc83f149ed83d5c08a9abf9a"
  integrity sha512-YIhGY6fSMfha52bnVxnzc9zaVBzJg+cqQTOD8tXIBSx4fuv0pVMxQTE0PaS59YhnMOiYiG09IMwxJAf/CFm/Dw==

"@next/swc-linux-x64-musl@16.3.4":
  version "16.3.4"
  resolved "https://registry.yarnpkg.com/@next/swc-linux-x64-musl/-/swc-linux-x64-musl-16.3.4.tgz#8a505df79d78bc93ddc60e2c08b27b7680ffb7cb"
  integrity sha512-+eaaX6axpDb0yF1GCpiERe6njplvdC+nks/fKfcHu3XPGRrald8P3/X7yv7QLdjA51knnxwl9pxdIJsg+w1L+Q==

"@next/swc-win32-arm64-msvc@16.3.4":
  version "16.3.4"
  resolved "https://registry.yarnpkg.com/@next/swc-win32-arm64-msvc/-/swc-win32-arm64-msvc-16.3.4.tgz#6cc0f3334524a80c4e16692b6e1419ca810391b6"
  integrity sha512-0jcXW7Xs/uzICrmgV3MhDYDeRy++1CqnpDIerlPIqYO4bhzB4WNbX/aRnQclustsAyTkFKB0z6rbcjmNg5tR8A==

"@next/swc-win32-x64-msvc@16.3.4":
  version "16.3.4"
  resolved "https://registry.yarnpkg.com/@next/swc-win32-x64-msvc/-/swc-win32-x64-msvc-16.3.4.tgz#b7b273c56eb723be43b48938e8eb823355ea8852"
  integrity sha512-vvBzwu1pYQCp92maZCFCIw/XgOTMR5tur9GjakwIo2cmwRTMKajRZZDS9+e4KsUZWKu1E007WUeAFXRRjZeuzw==

"@popperjs/core@^2.11.8":
  version "2.11.8"
  resolved "https://registry.yarnpkg.com/@popperjs/core/-/core-2.11.8.tgz#6b79032e760a0899cd4204710beede972a3a185f"
  integrity sha512-P1st0aksCrn9sGZhp8GMYwBnQsbvAWsZAX44oXNNvLHGqAOcoVxmjZiohstwQ7SqKnbR47akdNi+uleWD8+g6A==

"@swc/helpers@0.5.23":
  version "0.5.23"
  resolved "https://registry.yarnpkg.com/@swc/helpers/-/helpers-0.5.23.tgz#19287d0d86d962b111376039a50c792902c9a86a"
  integrity sha512-5lSsMOTXURePglDfvuAQUqkGek9Hg2kksOYay2m0+XR++b2NWYL/4sWyuvVBIs8oKnJaxkdi9whaL/sqN13afw==
  dependencies:
    tslib "^2.8.0"

"@types/prop-types@^15.7.15":
  version "15.7.15"
  resolved "https://registry.yarnpkg.com/@types/prop-types/-/prop-types-15.7.15.tgz#e6e5a86d602beaca71ce5163fadf5f95d70931c7"
  integrity sha512-F6bEyamV9jKGAFBEmlQnesRPGOQqS2+Uwi0Em15xenOxHaf2hv6L8YCVn3rPdPJOiJfPiCnLIRyvwVaqMY3MIw==

"@types/react-transition-group@^4.4.12":
  version "4.4.12"
  resolved "https://registry.yarnpkg.com/@types/react-transition-group/-/react-transition-group-4.4.12.tgz#b5d76568485b02a307238270bfe96cb51ee2a044"
  integrity sha512-8TV6R3h2j7a91c+1DXdJi3Syo69zzIZbz7Lg5tORM5LEJG7X/E6a1V3drRyBRZq7/utz7A+c4OgYLiLcYGHG6w==

baseline-browser-mapping@^2.9.19:
  version "2.10.11"
  resolved "https://registry.yarnpkg.com/baseline-browser-mapping/-/baseline-browser-mapping-2.10.11.tgz#957bea71ccc2e9854287c2575a037d36b3a94b73"
  integrity sha512-DAKrHphkJyiGuau/cFieRYhcTFeK/lBuD++C7cZ6KZHbMhBrisoi+EvhQ5RZrIfV5qwsW8kgQ07JIC+MDJRAhg==

caniuse-lite@^1.0.30001579:
  version "1.0.30001579"
  resolved "https://registry.yarnpkg.com/caniuse-lite/-/caniuse-lite-1.0.30001579.tgz#45c065216110f46d6274311a4b3fcf6278e0852a"
  integrity sha512-u5AUVkixruKHJjw/pj9wISlcMpgFWzSrczLZbrqBSxukQixmg0SJ5sZTpvaFvxU0HoQKd4yoyAogyrAz9pzJnA==

client-only@0.0.1:
  version "0.0.1"
  resolved "https://registry.yarnpkg.com/client-only/-/client-only-0.0.1.tgz#38bba5d403c41ab150bff64a95c85013cf73bca1"
  integrity sha512-IV3Ou0jSMzZrd3pZ48nLkT9DA7Ag1pnPzaiQhpW7c3RbcqqzvzzVu+L8gfqMp/8IM2MQtSiqaCxrrcfu8I8rMA==

clsx@^2.1.1:
  version "2.1.1"
  resolved "https://registry.yarnpkg.com/clsx/-/clsx-2.1.1.tgz#eed397c9fd8bd882bfb18deab7102049a2f32999"
  integrity sha512-eYm0QWBtUrBWZWG0d386OGAw16Z995PiOVo2B7bjWSbHedGl5e0ZWaq65kOGgUSNesEIDkB9ISbTg/JK9dhCZA==

csstype@^3.0.2:
  version "3.0.5"
  resolved "https://registry.yarnpkg.com/csstype/-/csstype-3.0.5.tgz#7fdec6a28a67ae18647c51668a9ff95bb2fa7bb8"
  integrity sha512-uVDi8LpBUKQj6sdxNaTetL6FpeCqTjOvAQuQUa/qAqq8oOd4ivkbhgnqayl0dnPal8Tb/yB1tF+gOvCBiicaiQ==

csstype@^3.2.3:
  version "3.2.3"
  resolved "https://registry.yarnpkg.com/csstype/-/csstype-3.2.3.tgz#ec48c0f3e993e50648c86da559e2610995cf989a"
  integrity sha512-z1HGKcYy2xA8AGQfwrn0PAy+PB7X/GSj3UVJW9qKyn43xWa+gl5nXmU4qqLMRzWVLFC8KusUX8T/0kCiOYpAIQ==

detect-libc@^2.1.2:
  version "2.1.2"
  resolved "https://registry.yarnpkg.com/detect-libc/-/detect-libc-2.1.2.tgz#689c5dcdc1900ef5583a4cb9f6d7b473742074ad"
  integrity sha512-Btj2BOOO83o3WyH59e8MgXsxEQVcarkUOpEYrubB0urwnN10yQ364rsiByU11nZlqWYZm05i/of7io4mzihBtQ==

dom-helpers@^5.0.1:
  version "5.2.0"
  resolved "https://registry.yarnpkg.com/dom-helpers/-/dom-helpers-5.2.0.tgz#57fd054c5f8f34c52a3eeffdb7e7e93cd357d95b"
  integrity sha512-Ru5o9+V8CpunKnz5LGgWXkmrH/20cGKwcHwS4m73zIvs54CN9epEmT/HLqFJW3kXpakAFkEdzgy1hzlJe3E4OQ==
  dependencies:
    "@babel/runtime" "^7.8.7"
    csstype "^3.0.2"

"js-tokens@^3.0.0 || ^4.0.0":
  version "4.0.0"
  resolved "https://registry.yarnpkg.com/js-tokens/-/js-tokens-4.0.0.tgz#19203fb59991df98e3a287050d4647cdeaf32499"
  integrity sha512-RdJUflcE3cUzKiMqQgsCu06FPu9UdIJO0beYbPhHN4k6apgJtifcoCtT9bcxOpYBtpD2kCM6Sbzg4CausW/PKQ==

loose-envify@^1.4.0:
  version "1.4.0"
  resolved "https://registry.yarnpkg.com/loose-envify/-/loose-envify-1.4.0.tgz#71ee51fa7be4caec1a63839f7e682d8132d30caf"
  integrity sha512-lyuxPGr/Wfhrlem2CL/UcnUc1zcqKAImBDzukY7Y5F/yQiNdko6+fRLevlw1HgMySw7f611UIY408EtxRSoK3Q==
  dependencies:
    js-tokens "^3.0.0 || ^4.0.0"

nanoid@^3.3.16:
  version "3.3.18"
  resolved "https://registry.yarnpkg.com/nanoid/-/nanoid-3.3.18.tgz#f66a2de1199ffde0fcf21c8a5f13106b1c081913"
  integrity sha512-DTg4MJbGMWkfi6VZFdNt2/caMbQy4Ou+Op/hJQvGEWcnVfoA1QA+xzRKAzw9jD6+GVOOeYr/mIcuDSdug6F6+w==

next@16.3.4:
  version "16.3.4"
  resolved "https://registry.yarnpkg.com/next/-/next-16.3.4.tgz#eaa69d905ac44ad8d57e8f3461d9da0fc4a7058b"
  integrity sha512-/Ztf6CeRH+ejEXUrYtqI4gkS66eFIHuSwqi60RgcpWKodxFZx2/dqVCMKBwILfAHXQ+F1b1vAudgj3mnxqtoIA==
  dependencies:
    "@next/env" "16.3.4"
    "@swc/helpers" "0.5.23"
    baseline-browser-mapping "^2.9.19"
    caniuse-lite "^1.0.30001579"
    postcss "8.5.23"
    styled-jsx "5.1.6"
  optionalDependencies:
    "@next/swc-darwin-arm64" "16.3.4"
    "@next/swc-darwin-x64" "16.3.4"
    "@next/swc-linux-arm64-gnu" "16.3.4"
    "@next/swc-linux-arm64-musl" "16.3.4"
    "@next/swc-linux-x64-gnu" "16.3.4"
    "@next/swc-linux-x64-musl" "16.3.4"
    "@next/swc-win32-arm64-msvc" "16.3.4"
    "@next/swc-win32-x64-msvc" "16.3.4"
    sharp "^0.35.4"

object-assign@^4.1.1:
  version "4.1.1"
  resolved "https://registry.yarnpkg.com/object-assign/-/object-assign-4.1.1.tgz#2109adc7965887cfc05cbbd442cac8bfbb360863"
  integrity sha1-IQmtx5ZYh8/AXLvUQsrIv7s2CGM=

picocolors@^1.1.1:
  version "1.1.1"
  resolved "https://registry.yarnpkg.com/picocolors/-/picocolors-1.1.1.tgz#3d321af3eab939b083c8f929a1d12cda81c26b6b"
  integrity sha512-xceH2snhtb5M9liqDsmEw56le376mTZkEX/jEb/RxNFyegNul7eNslCXP9FDj/Lcu0X8KEyMceP2ntpaHrDEVA==

postcss@8.5.23:
  version "8.5.23"
  resolved "https://registry.yarnpkg.com/postcss/-/postcss-8.5.23.tgz#3493550116f478487298301d2c2e8dc5a56e6594"
  integrity sha512-g50586zr4bZmwFiTlflMu8E0bDTb5I5gertgwAKmsdUlTQIhZtunzUlD1WSzwcVWPoAVpsrA6vlfCD7oXvRwgg==
  dependencies:
    nanoid "^3.3.16"
    picocolors "^1.1.1"
    source-map-js "^1.2.1"

prop-types@^15.6.2:
  version "15.7.2"
  resolved "https://registry.yarnpkg.com/prop-types/-/prop-types-15.7.2.tgz#52c41e75b8c87e72b9d9360e0206b99dcbffa6c5"
  integrity sha512-8QQikdH7//R2vurIJSutZ1smHYTcLpRWEOlHnzcWHmBYrOGUysKwSsrC89BCiFj3CbrfJ/nXFdJepOVrY1GCHQ==
  dependencies:
    loose-envify "^1.4.0"
    object-assign "^4.1.1"
    react-is "^16.8.1"

prop-types@^15.8.1:
  version "15.8.1"
  resolved "https://registry.yarnpkg.com/prop-types/-/prop-types-15.8.1.tgz#67d87bf1a694f48435cf332c24af10214a3140b5"
  integrity sha512-oj87CgZICdulUohogVAR7AjlC0327U4el4L6eAvOqCeudMDVU0NThNaV+b9Df4dXgSP1gXMTnPdhfe/2qDH5cg==
  dependencies:
    loose-envify "^1.4.0"
    object-assign "^4.1.1"
    react-is "^16.13.1"

react-dom@19.3.0:
  version "19.3.0"
  resolved "https://registry.yarnpkg.com/react-dom/-/react-dom-19.3.0.tgz#a0ff19161d7f4e9be5469a07278b0c06e00f9001"
  integrity sha512-JDk8dgif51OjFoDE70+OT9ICyYr+69HlmihNwp1+Nsfbna3t5sIiCa9ZJktDmQ4/1b/rn26hIAR2uYXDMr5r0Q==
  dependencies:
    scheduler "^0.28.0"

react-is@^16.13.1, react-is@^16.8.1:
  version "16.13.1"
  resolved "https://registry.yarnpkg.com/react-is/-/react-is-16.13.1.tgz#789729a4dc36de2999dc156dd6c1d9c18cea56a4"
  integrity sha512-24e6ynE2H+OKt4kqsOvNd8kBpV65zoxbA4BVsEOB3ARVWQki/DHzaUoC5KuON/BiccDaCCTZBuOcfZs70kR8bQ==

react-is@^19.2.8:
  version "19.2.8"
  resolved "https://registry.yarnpkg.com/react-is/-/react-is-19.2.8.tgz#09826f9fbc187bc668e3e5c62edc001f804d5018"
  integrity sha512-s5un28nYxKJw5gvUHyW5PCC28CvBqLu9r3cWgzHT4Vo/5fqqkFcdRYsGcKf50WMPpjjFZS5d76fn3YCo2njKwQ==

react-transition-group@^4.4.5:
  version "4.4.5"
  resolved "https://registry.yarnpkg.com/react-transition-group/-/react-transition-group-4.4.5.tgz#e53d4e3f3344da8521489fbef8f2581d42becdd1"
  integrity sha512-pZcd1MCJoiKiBR2NRxeCRg13uCXbydPnmB4EOeRrY7480qNWO8IIgQG6zlDkm6uRMsURXPuKq0GWtiM59a5Q6g==
  dependencies:
    "@babel/runtime" "^7.5.5"
    dom-helpers "^5.0.1"
    loose-envify "^1.4.0"
    prop-types "^15.6.2"

react@19.3.0:
  version "19.3.0"
  resolved "https://registry.yarnpkg.com/react/-/react-19.3.0.tgz#e20aa3a14687075ce863351b5878b0608c3fbfb2"
  integrity sha512-E8LUcbtBWt20bbl2YoHfx4ZDBdxVTfOKtCZn9cDSJ4l6/nuoApcpIBcj47t2wZoVX8g2ZHuMHbiShgCR1T5Sog==

regenerator-runtime@^0.13.4:
  version "0.13.7"
  resolved "https://registry.yarnpkg.com/regenerator-runtime/-/regenerator-runtime-0.13.7.tgz#cac2dacc8a1ea675feaabaeb8ae833898ae46f55"
  integrity sha512-a54FxoJDIr27pgf7IgeQGxmqUNYrcV338lf/6gH456HZ/PhX+5BcwHXG9ajESmwe6WRO0tAzRUrRmNONWgkrew==

scheduler@^0.28.0:
  version "0.28.0"
  resolved "https://registry.yarnpkg.com/scheduler/-/scheduler-0.28.0.tgz#03d3ca348aeaf8b7502f64468f217b27523f9695"
  integrity sha512-juorfCmIkIw8tT+p5BXSm6PJjQF/ycEYmKyzURCIt/RaZIhL+PulbQ9Yu2z1HdOJDdqDTlxA1+xKBmHXJsczAw==

semver@^7.8.5:
  version "7.8.5"
  resolved "https://registry.yarnpkg.com/semver/-/semver-7.8.5.tgz#39b646037dd50c14fb451e7e4cac58ed8b863f69"
  integrity sha512-Y7/KDsb8LjooZpwaqGyulO6DQlksgCncchHGk+sZIY4SBvUocMBEFH5Ur1fI4dV+Jvl0w6cjvucaIi40puRioA==

sharp@^0.35.4:
  version "0.35.4"
  resolved "https://registry.yarnpkg.com/sharp/-/sharp-0.35.4.tgz#361df3b2959daeb380541289960456c6be0f92de"
  integrity sha512-n++8XWcj+jCOr2IOl7h8LbKnGBDY4aPbmprMONBNFdn0ImXqpGVv5zliDs0V9HbmbCQLpbuo2ej9rAoOQTvMDA==
  dependencies:
    "@img/colour" "^1.1.0"
    detect-libc "^2.1.2"
    semver "^7.8.5"
  optionalDependencies:
    "@img/sharp-darwin-arm64" "0.35.4"
    "@img/sharp-darwin-x64" "0.35.4"
    "@img/sharp-freebsd-wasm32" "0.35.4"
    "@img/sharp-libvips-darwin-arm64" "1.3.3"
    "@img/sharp-libvips-darwin-x64" "1.3.3"
    "@img/sharp-libvips-linux-arm" "1.3.3"
    "@img/sharp-libvips-linux-arm64" "1.3.3"
    "@img/sharp-libvips-linux-ppc64" "1.3.3"
    "@img/sharp-libvips-linux-riscv64" "1.3.3"
    "@img/sharp-libvips-linux-s390x" "1.3.3"
    "@img/sharp-libvips-linux-x64" "1.3.3"
    "@img/sharp-libvips-linuxmusl-arm64" "1.3.3"
    "@img/sharp-libvips-linuxmusl-x64" "1.3.3"
    "@img/sharp-linux-arm" "0.35.4"
    "@img/sharp-linux-arm64" "0.35.4"
    "@img/sharp-linux-ppc64" "0.35.4"
    "@img/sharp-linux-riscv64" "0.35.4"
    "@img/sharp-linux-s390x" "0.35.4"
    "@img/sharp-linux-x64" "0.35.4"
    "@img/sharp-linuxmusl-arm64" "0.35.4"
    "@img/sharp-linuxmusl-x64" "0.35.4"
    "@img/sharp-webcontainers-wasm32" "0.35.4"
    "@img/sharp-win32-arm64" "0.35.4"
    "@img/sharp-win32-ia32" "0.35.4"
    "@img/sharp-win32-x64" "0.35.4"

source-map-js@^1.2.1:
  version "1.2.1"
  resolved "https://registry.yarnpkg.com/source-map-js/-/source-map-js-1.2.1.tgz#1ce5650fddd87abc099eda37dcff024c2667ae46"
  integrity sha512-UXWMKhLOwVKb728IUtQPXxfYU+usdybtUrK/8uGE8CQMvrhOpwvzDBwj0QhSL7MQc7vIsISBG8VQ8+IDQxpfQA==

styled-jsx@5.1.6:
  version "5.1.6"
  resolved "https://registry.yarnpkg.com/styled-jsx/-/styled-jsx-5.1.6.tgz#83b90c077e6c6a80f7f5e8781d0f311b2fe41499"
  integrity sha512-qSVyDTeMotdvQYoHWLNGwRFJHC+i+ZvdBRYosOFgC+Wg1vx4frN2/RG/NA7SYqqvKNLf39P2LSRA2pu6n0XYZA==
  dependencies:
    client-only "0.0.1"

stylis@4.2.0:
  version "4.2.0"
  resolved "https://registry.yarnpkg.com/stylis/-/stylis-4.2.0.tgz#79daee0208964c8fe695a42fcffcac633a211a51"
  integrity sha512-Orov6g6BB1sDfYgzWfTHDOxamtX1bE/zo104Dh9e6fqJ3PooipYyfJ0pUmrZO2wAvO8YbEyeFrkV91XTsGMSrw==

tslib@^2.4.0:
  version "2.4.0"
  resolved "https://registry.yarnpkg.com/tslib/-/tslib-2.4.0.tgz#7cecaa7f073ce680a05847aa77be941098f36dc3"
  integrity sha512-d6xOpEDfsi2CZVlPQzGeux8XMwLT9hssAsaPYExaQMuYskwb+x1x7J371tWlbBdWHroy99KnVB6qIkUbs5X3UQ==

tslib@^2.8.0:
  version "2.8.1"
  resolved "https://registry.yarnpkg.com/tslib/-/tslib-2.8.1.tgz#612efe4ed235d567e8aba5f2a5fab70280ade83f"
  integrity sha512-oJFu94HQb+KVduSUQL7wnpmqnfmLsOA/nAh6b6EH0wCEoK0/mPeXU6c3wKDV83MkOuHPRHtSXKKU99IBazS/2w==
